
Microsoft Visual Studio Solution File, Format Version 10.00
# Visual Studio 2008
Project("{FAE04EC0-301F-11D3-BF4B-00C04F79EFBC}") = "BusinessLibrary", "BusinessLibrary\BusinessLibrary.csproj", "{3B1AE60B-1389-495C-A38B-E0FDB39FA0D2}"
EndProject
Project("{FAE04EC0-301F-11D3-BF4B-00C04F79EFBC}") = "Entity", "Entity\Entity.csproj", "{080869DE-2307-4988-9444-CBC1B1F6173E}"
EndProject
Project("{FAE04EC0-301F-11D3-BF4B-00C04F79EFBC}") = "Common", "Common\Common.csproj", "{078D215B-2E66-4450-9157-349E023CE51E}"
EndProject
Project("{E24C65DC-7377-472B-9ABA-BC803B73C61A}") = "Web", "Web", "{B26A08CC-05C1-4579-9097-CB767E8102EE}"
	ProjectSection(WebsiteProperties) = preProject
		TargetFramework = "3.5"
		ProjectReferences = "{3B1AE60B-1389-495C-A38B-E0FDB39FA0D2}|BusinessLibrary.dll;{078D215B-2E66-4450-9157-349E023CE51E}|Common.dll;{080869DE-2307-4988-9444-CBC1B1F6173E}|Entity.dll;"
		Debug.AspNetCompiler.VirtualPath = "/Web"
		Debug.AspNetCompiler.PhysicalPath = "Web\"
		Debug.AspNetCompiler.TargetPath = "PrecompiledWeb\Web\"
		Debug.AspNetCompiler.Updateable = "true"
		Debug.AspNetCompiler.ForceOverwrite = "true"
		Debug.AspNetCompiler.FixedNames = "false"
		Debug.AspNetCompiler.Debug = "True"
		Release.AspNetCompiler.VirtualPath = "/Web"
		Release.AspNetCompiler.PhysicalPath = "Web\"
		Release.AspNetCompiler.TargetPath = "PrecompiledWeb\Web\"
		Release.AspNetCompiler.Updateable = "true"
		Release.AspNetCompiler.ForceOverwrite = "true"
		Release.AspNetCompiler.FixedNames = "false"
		Release.AspNetCompiler.Debug = "False"
		VWDPort = "1391"
		DefaultWebSiteLanguage = "Visual C#"
	EndProjectSection
EndProject
Global
	GlobalSection(SolutionConfigurationPlatforms) = preSolution
		Debug|Any CPU = Debug|Any CPU
		Release|Any CPU = Release|Any CPU
	EndGlobalSection
	GlobalSection(ProjectConfigurationPlatforms) = postSolution
		{3B1AE60B-1389-495C-A38B-E0FDB39FA0D2}.Debug|Any CPU.ActiveCfg = Debug|Any CPU
		{3B1AE60B-1389-495C-A38B-E0FDB39FA0D2}.Debug|Any CPU.Build.0 = Debug|Any CPU
		{3B1AE60B-1389-495C-A38B-E0FDB39FA0D2}.Release|Any CPU.ActiveCfg = Release|Any CPU
		{3B1AE60B-1389-495C-A38B-E0FDB39FA0D2}.Release|Any CPU.Build.0 = Release|Any CPU
		{080869DE-2307-4988-9444-CBC1B1F6173E}.Debug|Any CPU.ActiveCfg = Debug|Any CPU
		{080869DE-2307-4988-9444-CBC1B1F6173E}.Debug|Any CPU.Build.0 = Debug|Any CPU
		{080869DE-2307-4988-9444-CBC1B1F6173E}.Release|Any CPU.ActiveCfg = Release|Any CPU
		{080869DE-2307-4988-9444-CBC1B1F6173E}.Release|Any CPU.Build.0 = Release|Any CPU
		{078D215B-2E66-4450-9157-349E023CE51E}.Debug|Any CPU.ActiveCfg = Debug|Any CPU
		{078D215B-2E66-4450-9157-349E023CE51E}.Debug|Any CPU.Build.0 = Debug|Any CPU
		{078D215B-2E66-4450-9157-349E023CE51E}.Release|Any CPU.ActiveCfg = Release|Any CPU
		{078D215B-2E66-4450-9157-349E023CE51E}.Release|Any CPU.Build.0 = Release|Any CPU
		{B26A08CC-05C1-4579-9097-CB767E8102EE}.Debug|Any CPU.ActiveCfg = Debug|Any CPU
		{B26A08CC-05C1-4579-9097-CB767E8102EE}.Debug|Any CPU.Build.0 = Debug|Any CPU
		{B26A08CC-05C1-4579-9097-CB767E8102EE}.Release|Any CPU.ActiveCfg = Debug|Any CPU
		{B26A08CC-05C1-4579-9097-CB767E8102EE}.Release|Any CPU.Build.0 = Debug|Any CPU
	EndGlobalSection
	GlobalSection(SolutionProperties) = preSolution
		HideSolutionNode = FALSE
	EndGlobalSection
EndGlobal
